
Microsoft Visual Studio Solution File, Format Version 12.00
# 
Project("{FAE04EC0-301F-11D3-BF4B-00C04F79EFBC}") = "DiffPack", "DiffPack\DiffPack.csproj", "{7308A1B4-1491-4E6C-802A-30383A0D0094}"
EndProject
Project("{FAE04EC0-301F-11D3-BF4B-00C04F79EFBC}") = "DiffPack.Tests", "DiffPack.Tests\DiffPack.Tests.csproj", "{CD2BEB94-AFF9-47A9-9CE2-2543A0F56D12}"
EndProject
Global
	GlobalSection(SolutionConfigurationPlatforms) = preSolution
		Debug|Any CPU = Debug|Any CPU
		Release|Any CPU = Release|Any CPU
	EndGlobalSection
	GlobalSection(ProjectConfigurationPlatforms) = postSolution
		{7308A1B4-1491-4E6C-802A-30383A0D0094}.Debug|Any CPU.ActiveCfg = Debug|Any CPU
		{7308A1B4-1491-4E6C-802A-30383A0D0094}.Debug|Any CPU.Build.0 = Debug|Any CPU
		{7308A1B4-1491-4E6C-802A-30383A0D0094}.Release|Any CPU.ActiveCfg = Release|Any CPU
		{7308A1B4-1491-4E6C-802A-30383A0D0094}.Release|Any CPU.Build.0 = Release|Any CPU
		{CD2BEB94-AFF9-47A9-9CE2-2543A0F56D12}.Debug|Any CPU.ActiveCfg = Debug|Any CPU
		{CD2BEB94-AFF9-47A9-9CE2-2543A0F56D12}.Debug|Any CPU.Build.0 = Debug|Any CPU
		{CD2BEB94-AFF9-47A9-9CE2-2543A0F56D12}.Release|Any CPU.ActiveCfg = Release|Any CPU
		{CD2BEB94-AFF9-47A9-9CE2-2543A0F56D12}.Release|Any CPU.Build.0 = Release|Any CPU
	EndGlobalSection
EndGlobal
